
Microsoft Visual Studio Solution File, Format Version 12.00
# Visual Studio 15
VisualStudioVersion = 15.0.28307.271
MinimumVisualStudioVersion = 10.0.40219.1
Project("{FAE04EC0-301F-11D3-BF4B-00C04F79EFBC}") = "AutoMower", "AutoMower\AutoMower.csproj", "{3B27A6E6-A258-4C54-8D54-14AD2F23FF01}"
EndProject
Project("{FAE04EC0-301F-11D3-BF4B-00C04F79EFBC}") = "AutoMowerTests", "AutoMowerTests\AutoMowerTests.csproj", "{81C29D2B-DE50-4324-A3FC-11E552433CFE}"
EndProject
Global
	GlobalSection(SolutionConfigurationPlatforms) = preSolution
		Debug|Any CPU = Debug|Any CPU
		Release|Any CPU = Release|Any CPU
	EndGlobalSection
	GlobalSection(ProjectConfigurationPlatforms) = postSolution
		{3B27A6E6-A258-4C54-8D54-14AD2F23FF01}.Debug|Any CPU.ActiveCfg = Debug|Any CPU
		{3B27A6E6-A258-4C54-8D54-14AD2F23FF01}.Debug|Any CPU.Build.0 = Debug|Any CPU
		{3B27A6E6-A258-4C54-8D54-14AD2F23FF01}.Release|Any CPU.ActiveCfg = Release|Any CPU
		{3B27A6E6-A258-4C54-8D54-14AD2F23FF01}.Release|Any CPU.Build.0 = Release|Any CPU
		{81C29D2B-DE50-4324-A3FC-11E552433CFE}.Debug|Any CPU.ActiveCfg = Debug|Any CPU
		{81C29D2B-DE50-4324-A3FC-11E552433CFE}.Debug|Any CPU.Build.0 = Debug|Any CPU
		{81C29D2B-DE50-4324-A3FC-11E552433CFE}.Release|Any CPU.ActiveCfg = Release|Any CPU
		{81C29D2B-DE50-4324-A3FC-11E552433CFE}.Release|Any CPU.Build.0 = Release|Any CPU
	EndGlobalSection
	GlobalSection(SolutionProperties) = preSolution
		HideSolutionNode = FALSE
	EndGlobalSection
	GlobalSection(ExtensibilityGlobals) = postSolution
		SolutionGuid = {6C379BCE-35DD-4504-9078-AA2616708357}
	EndGlobalSection
EndGlobal
