
Microsoft Visual Studio Solution File, Format Version 12.00
# Visual Studio 15
VisualStudioVersion = 15.0.28307.329
MinimumVisualStudioVersion = 10.0.40219.1
Project("{FAE04EC0-301F-11D3-BF4B-00C04F79EFBC}") = "CompressDirectory", "CompressDirectory\CompressDirectory.csproj", "{C2BABD60-052B-46A1-B304-A62A6E64D169}"
EndProject
Project("{FAE04EC0-301F-11D3-BF4B-00C04F79EFBC}") = "CompressDirectoryTests", "CompressDirectoryTests\CompressDirectoryTests.csproj", "{94F7BEF7-C658-484E-8ACC-572D3DE5B5D1}"
EndProject
Global
	GlobalSection(SolutionConfigurationPlatforms) = preSolution
		Debug|Any CPU = Debug|Any CPU
		Release|Any CPU = Release|Any CPU
	EndGlobalSection
	GlobalSection(ProjectConfigurationPlatforms) = postSolution
		{C2BABD60-052B-46A1-B304-A62A6E64D169}.Debug|Any CPU.ActiveCfg = Debug|Any CPU
		{C2BABD60-052B-46A1-B304-A62A6E64D169}.Debug|Any CPU.Build.0 = Debug|Any CPU
		{C2BABD60-052B-46A1-B304-A62A6E64D169}.Release|Any CPU.ActiveCfg = Release|Any CPU
		{C2BABD60-052B-46A1-B304-A62A6E64D169}.Release|Any CPU.Build.0 = Release|Any CPU
		{94F7BEF7-C658-484E-8ACC-572D3DE5B5D1}.Debug|Any CPU.ActiveCfg = Debug|Any CPU
		{94F7BEF7-C658-484E-8ACC-572D3DE5B5D1}.Debug|Any CPU.Build.0 = Debug|Any CPU
		{94F7BEF7-C658-484E-8ACC-572D3DE5B5D1}.Release|Any CPU.ActiveCfg = Release|Any CPU
		{94F7BEF7-C658-484E-8ACC-572D3DE5B5D1}.Release|Any CPU.Build.0 = Release|Any CPU
	EndGlobalSection
	GlobalSection(SolutionProperties) = preSolution
		HideSolutionNode = FALSE
	EndGlobalSection
	GlobalSection(ExtensibilityGlobals) = postSolution
		SolutionGuid = {439B94A2-5063-49CB-9949-E3AE93DF38E0}
	EndGlobalSection
EndGlobal
