
Microsoft Visual Studio Solution File, Format Version 11.00
# Visual Studio 2010
Project("{FAE04EC0-301F-11D3-BF4B-00C04F79EFBC}") = "Interview1", "Interview1.csproj", "{47313B27-9DB6-4C14-988A-E295F2554B8D}"
EndProject
Project("{FAE04EC0-301F-11D3-BF4B-00C04F79EFBC}") = "UnitTests", "UnitTests\UnitTests.csproj", "{A3588839-C19E-451B-8153-1F493D5934A0}"
EndProject
Project("{2150E333-8FDC-42A3-9474-1A3956D46DE8}") = "Solution Items", "Solution Items", "{77998060-EC59-44EB-BE3F-B88AD31CC732}"
	ProjectSection(SolutionItems) = preProject
		Interview1.vsmdi = Interview1.vsmdi
		Local.testsettings = Local.testsettings
		TraceAndTestImpact.testsettings = TraceAndTestImpact.testsettings
	EndProjectSection
EndProject
Global
	GlobalSection(TestCaseManagementSettings) = postSolution
		CategoryFile = Interview1.vsmdi
	EndGlobalSection
	GlobalSection(SolutionConfigurationPlatforms) = preSolution
		Debug|Any CPU = Debug|Any CPU
		Debug|Mixed Platforms = Debug|Mixed Platforms
		Debug|x86 = Debug|x86
		Release|Any CPU = Release|Any CPU
		Release|Mixed Platforms = Release|Mixed Platforms
		Release|x86 = Release|x86
	EndGlobalSection
	GlobalSection(ProjectConfigurationPlatforms) = postSolution
		{47313B27-9DB6-4C14-988A-E295F2554B8D}.Debug|Any CPU.ActiveCfg = Debug|x86
		{47313B27-9DB6-4C14-988A-E295F2554B8D}.Debug|Mixed Platforms.ActiveCfg = Debug|x86
		{47313B27-9DB6-4C14-988A-E295F2554B8D}.Debug|Mixed Platforms.Build.0 = Debug|x86
		{47313B27-9DB6-4C14-988A-E295F2554B8D}.Debug|x86.ActiveCfg = Debug|x86
		{47313B27-9DB6-4C14-988A-E295F2554B8D}.Debug|x86.Build.0 = Debug|x86
		{47313B27-9DB6-4C14-988A-E295F2554B8D}.Release|Any CPU.ActiveCfg = Release|x86
		{47313B27-9DB6-4C14-988A-E295F2554B8D}.Release|Mixed Platforms.ActiveCfg = Release|x86
		{47313B27-9DB6-4C14-988A-E295F2554B8D}.Release|Mixed Platforms.Build.0 = Release|x86
		{47313B27-9DB6-4C14-988A-E295F2554B8D}.Release|x86.ActiveCfg = Release|x86
		{47313B27-9DB6-4C14-988A-E295F2554B8D}.Release|x86.Build.0 = Release|x86
		{A3588839-C19E-451B-8153-1F493D5934A0}.Debug|Any CPU.ActiveCfg = Debug|Any CPU
		{A3588839-C19E-451B-8153-1F493D5934A0}.Debug|Any CPU.Build.0 = Debug|Any CPU
		{A3588839-C19E-451B-8153-1F493D5934A0}.Debug|Mixed Platforms.ActiveCfg = Debug|Any CPU
		{A3588839-C19E-451B-8153-1F493D5934A0}.Debug|Mixed Platforms.Build.0 = Debug|Any CPU
		{A3588839-C19E-451B-8153-1F493D5934A0}.Debug|x86.ActiveCfg = Debug|Any CPU
		{A3588839-C19E-451B-8153-1F493D5934A0}.Release|Any CPU.ActiveCfg = Release|Any CPU
		{A3588839-C19E-451B-8153-1F493D5934A0}.Release|Any CPU.Build.0 = Release|Any CPU
		{A3588839-C19E-451B-8153-1F493D5934A0}.Release|Mixed Platforms.ActiveCfg = Release|Any CPU
		{A3588839-C19E-451B-8153-1F493D5934A0}.Release|Mixed Platforms.Build.0 = Release|Any CPU
		{A3588839-C19E-451B-8153-1F493D5934A0}.Release|x86.ActiveCfg = Release|Any CPU
	EndGlobalSection
	GlobalSection(SolutionProperties) = preSolution
		HideSolutionNode = FALSE
	EndGlobalSection
EndGlobal
