
Microsoft Visual Studio Solution File, Format Version 12.00
# Visual Studio 14
VisualStudioVersion = 14.0.25420.1
MinimumVisualStudioVersion = 10.0.40219.1
Project("{FAE04EC0-301F-11D3-BF4B-00C04F79EFBC}") = "MyShuttle.Data", "src\MyShuttle.Data\MyShuttle.Data.csproj", "{0112761A-0A0A-4CDC-92DD-5C38B71E266B}"
EndProject
Project("{2150E333-8FDC-42A3-9474-1A3956D46DE8}") = "src", "src", "{5B649FD6-B6CF-4993-B0C3-F7CEE8DFC01B}"
EndProject
Project("{FAE04EC0-301F-11D3-BF4B-00C04F79EFBC}") = "MyShuttle.Model", "src\MyShuttle.Model\MyShuttle.Model.csproj", "{9A9F9619-A571-4C89-B8C0-4E1B20D86E69}"
EndProject
Project("{FAE04EC0-301F-11D3-BF4B-00C04F79EFBC}") = "MyShuttle.Web", "src\MyShuttle\MyShuttle.Web.csproj", "{70A6C0B9-69B7-405A-9584-360EC33D69E5}"
EndProject
Project("{2150E333-8FDC-42A3-9474-1A3956D46DE8}") = "test", "test", "{67D78343-9C7A-4F00-B06F-14930B6A448A}"
EndProject
Project("{FAE04EC0-301F-11D3-BF4B-00C04F79EFBC}") = "MyShuttle.IntegrationTests", "test\MyShuttle.IntegrationTests\MyShuttle.IntegrationTests.csproj", "{7B458BF6-75BE-4F5B-9ECC-A2598C1611FB}"
EndProject
Project("{FAE04EC0-301F-11D3-BF4B-00C04F79EFBC}") = "MyShuttle.Api", "src\MyShuttle.Api\MyShuttle.Api.csproj", "{21CB7F71-FB2A-479D-8442-11E579F0AF1B}"
EndProject
Global
	GlobalSection(SolutionConfigurationPlatforms) = preSolution
		Debug|Any CPU = Debug|Any CPU
		Release|Any CPU = Release|Any CPU
	EndGlobalSection
	GlobalSection(ProjectConfigurationPlatforms) = postSolution
		{0112761A-0A0A-4CDC-92DD-5C38B71E266B}.Debug|Any CPU.ActiveCfg = Debug|Any CPU
		{0112761A-0A0A-4CDC-92DD-5C38B71E266B}.Debug|Any CPU.Build.0 = Debug|Any CPU
		{0112761A-0A0A-4CDC-92DD-5C38B71E266B}.Release|Any CPU.ActiveCfg = Release|Any CPU
		{0112761A-0A0A-4CDC-92DD-5C38B71E266B}.Release|Any CPU.Build.0 = Release|Any CPU
		{9A9F9619-A571-4C89-B8C0-4E1B20D86E69}.Debug|Any CPU.ActiveCfg = Debug|Any CPU
		{9A9F9619-A571-4C89-B8C0-4E1B20D86E69}.Debug|Any CPU.Build.0 = Debug|Any CPU
		{9A9F9619-A571-4C89-B8C0-4E1B20D86E69}.Release|Any CPU.ActiveCfg = Release|Any CPU
		{9A9F9619-A571-4C89-B8C0-4E1B20D86E69}.Release|Any CPU.Build.0 = Release|Any CPU
		{70A6C0B9-69B7-405A-9584-360EC33D69E5}.Debug|Any CPU.ActiveCfg = Debug|Any CPU
		{70A6C0B9-69B7-405A-9584-360EC33D69E5}.Debug|Any CPU.Build.0 = Debug|Any CPU
		{70A6C0B9-69B7-405A-9584-360EC33D69E5}.Release|Any CPU.ActiveCfg = Release|Any CPU
		{70A6C0B9-69B7-405A-9584-360EC33D69E5}.Release|Any CPU.Build.0 = Release|Any CPU
		{7B458BF6-75BE-4F5B-9ECC-A2598C1611FB}.Debug|Any CPU.ActiveCfg = Debug|Any CPU
		{7B458BF6-75BE-4F5B-9ECC-A2598C1611FB}.Debug|Any CPU.Build.0 = Debug|Any CPU
		{7B458BF6-75BE-4F5B-9ECC-A2598C1611FB}.Release|Any CPU.ActiveCfg = Release|Any CPU
		{7B458BF6-75BE-4F5B-9ECC-A2598C1611FB}.Release|Any CPU.Build.0 = Release|Any CPU
		{21CB7F71-FB2A-479D-8442-11E579F0AF1B}.Debug|Any CPU.ActiveCfg = Debug|Any CPU
		{21CB7F71-FB2A-479D-8442-11E579F0AF1B}.Debug|Any CPU.Build.0 = Debug|Any CPU
		{21CB7F71-FB2A-479D-8442-11E579F0AF1B}.Release|Any CPU.ActiveCfg = Release|Any CPU
		{21CB7F71-FB2A-479D-8442-11E579F0AF1B}.Release|Any CPU.Build.0 = Release|Any CPU
	EndGlobalSection
	GlobalSection(SolutionProperties) = preSolution
		HideSolutionNode = FALSE
	EndGlobalSection
	GlobalSection(NestedProjects) = preSolution
		{0112761A-0A0A-4CDC-92DD-5C38B71E266B} = {5B649FD6-B6CF-4993-B0C3-F7CEE8DFC01B}
		{9A9F9619-A571-4C89-B8C0-4E1B20D86E69} = {5B649FD6-B6CF-4993-B0C3-F7CEE8DFC01B}
		{70A6C0B9-69B7-405A-9584-360EC33D69E5} = {5B649FD6-B6CF-4993-B0C3-F7CEE8DFC01B}
		{7B458BF6-75BE-4F5B-9ECC-A2598C1611FB} = {67D78343-9C7A-4F00-B06F-14930B6A448A}
		{21CB7F71-FB2A-479D-8442-11E579F0AF1B} = {5B649FD6-B6CF-4993-B0C3-F7CEE8DFC01B}
	EndGlobalSection
EndGlobal
